
Microsoft Visual Studio Solution File, Format Version 12.00
# Visual Studio Version 16
VisualStudioVersion = 16.0.32228.343
MinimumVisualStudioVersion = 10.0.40219.1
Project("{FAE04EC0-301F-11D3-BF4B-00C04F79EFBC}") = "10.5.2022Task2", "10.5.2022Task2.csproj", "{C2AB37DA-52B8-481B-9C3A-A6A6FD5058C8}"
EndProject
Global
	GlobalSection(SolutionConfigurationPlatforms) = preSolution
		Debug|Any CPU = Debug|Any CPU
		Release|Any CPU = Release|Any CPU
	EndGlobalSection
	GlobalSection(ProjectConfigurationPlatforms) = postSolution
		{C2AB37DA-52B8-481B-9C3A-A6A6FD5058C8}.Debug|Any CPU.ActiveCfg = Debug|Any CPU
		{C2AB37DA-52B8-481B-9C3A-A6A6FD5058C8}.Debug|Any CPU.Build.0 = Debug|Any CPU
		{C2AB37DA-52B8-481B-9C3A-A6A6FD5058C8}.Release|Any CPU.ActiveCfg = Release|Any CPU
		{C2AB37DA-52B8-481B-9C3A-A6A6FD5058C8}.Release|Any CPU.Build.0 = Release|Any CPU
	EndGlobalSection
	GlobalSection(SolutionProperties) = preSolution
		HideSolutionNode = FALSE
	EndGlobalSection
	GlobalSection(ExtensibilityGlobals) = postSolution
		SolutionGuid = {92596F38-DCC8-4C8F-AF66-54240A65984B}
	EndGlobalSection
EndGlobal
